
Microsoft Visual Studio Solution File, Format Version 12.00
# Visual Studio 15
VisualStudioVersion = 15.0.28307.1433
MinimumVisualStudioVersion = 10.0.40219.1
Project("{FAE04EC0-301F-11D3-BF4B-00C04F79EFBC}") = "TARONEFMS", "TARONEFMS\TARONEFMS.csproj", "{DB304941-3ED0-4F84-BD10-4657914B92FB}"
EndProject
Global
	GlobalSection(SolutionConfigurationPlatforms) = preSolution
		Debug|Any CPU = Debug|Any CPU
		Release|Any CPU = Release|Any CPU
	EndGlobalSection
	GlobalSection(ProjectConfigurationPlatforms) = postSolution
		{DB304941-3ED0-4F84-BD10-4657914B92FB}.Debug|Any CPU.ActiveCfg = Debug|Any CPU
		{DB304941-3ED0-4F84-BD10-4657914B92FB}.Debug|Any CPU.Build.0 = Debug|Any CPU
		{DB304941-3ED0-4F84-BD10-4657914B92FB}.Release|Any CPU.ActiveCfg = Release|Any CPU
		{DB304941-3ED0-4F84-BD10-4657914B92FB}.Release|Any CPU.Build.0 = Release|Any CPU
	EndGlobalSection
	GlobalSection(SolutionProperties) = preSolution
		HideSolutionNode = FALSE
	EndGlobalSection
	GlobalSection(ExtensibilityGlobals) = postSolution
		SolutionGuid = {B61B8FEF-E3A7-4846-B148-E8FBDCA84076}
	EndGlobalSection
EndGlobal
